
Microsoft Visual Studio Solution File, Format Version 12.00
# Visual Studio Version 17
VisualStudioVersion = 17.8.34525.116
MinimumVisualStudioVersion = 10.0.40219.1
Project("{FAE04EC0-301F-11D3-BF4B-00C04F79EFBC}") = "CustomServer", "CustomServer.csproj", "{26F3AAFE-C34D-482D-9A94-07F5F7F0047D}"
EndProject
Project("{FAE04EC0-301F-11D3-BF4B-00C04F79EFBC}") = "Client", "Client\Client.csproj", "{06F40CEF-29DC-416D-8F28-419EB5C05B54}"
EndProject
Project("{FAE04EC0-301F-11D3-BF4B-00C04F79EFBC}") = "Server", "Server\Server.csproj", "{8AF7565F-8689-47C0-A36F-70C1B04AE38C}"
EndProject
Global
	GlobalSection(SolutionConfigurationPlatforms) = preSolution
		Debug|Any CPU = Debug|Any CPU
		Release|Any CPU = Release|Any CPU
	EndGlobalSection
	GlobalSection(ProjectConfigurationPlatforms) = postSolution
		{26F3AAFE-C34D-482D-9A94-07F5F7F0047D}.Debug|Any CPU.ActiveCfg = Debug|Any CPU
		{26F3AAFE-C34D-482D-9A94-07F5F7F0047D}.Debug|Any CPU.Build.0 = Debug|Any CPU
		{26F3AAFE-C34D-482D-9A94-07F5F7F0047D}.Release|Any CPU.ActiveCfg = Release|Any CPU
		{26F3AAFE-C34D-482D-9A94-07F5F7F0047D}.Release|Any CPU.Build.0 = Release|Any CPU
		{06F40CEF-29DC-416D-8F28-419EB5C05B54}.Debug|Any CPU.ActiveCfg = Debug|Any CPU
		{06F40CEF-29DC-416D-8F28-419EB5C05B54}.Debug|Any CPU.Build.0 = Debug|Any CPU
		{06F40CEF-29DC-416D-8F28-419EB5C05B54}.Release|Any CPU.ActiveCfg = Release|Any CPU
		{06F40CEF-29DC-416D-8F28-419EB5C05B54}.Release|Any CPU.Build.0 = Release|Any CPU
		{8AF7565F-8689-47C0-A36F-70C1B04AE38C}.Debug|Any CPU.ActiveCfg = Debug|Any CPU
		{8AF7565F-8689-47C0-A36F-70C1B04AE38C}.Debug|Any CPU.Build.0 = Debug|Any CPU
		{8AF7565F-8689-47C0-A36F-70C1B04AE38C}.Release|Any CPU.ActiveCfg = Release|Any CPU
		{8AF7565F-8689-47C0-A36F-70C1B04AE38C}.Release|Any CPU.Build.0 = Release|Any CPU
	EndGlobalSection
	GlobalSection(SolutionProperties) = preSolution
		HideSolutionNode = FALSE
	EndGlobalSection
	GlobalSection(ExtensibilityGlobals) = postSolution
		SolutionGuid = {A3B310AB-634D-4707-849B-68ADA739F3DC}
	EndGlobalSection
EndGlobal
